
Microsoft Visual Studio Solution File, Format Version 12.00
# Visual Studio Version 16
VisualStudioVersion = 16.0.31410.357
MinimumVisualStudioVersion = 10.0.40219.1
Project("{FAE04EC0-301F-11D3-BF4B-00C04F79EFBC}") = "WindowsFormsApp1", "WindowsFormsApp1\WindowsFormsApp1.csproj", "{F00B149C-5848-4472-BE2E-9F307B4960B6}"
EndProject
Global
	GlobalSection(SolutionConfigurationPlatforms) = preSolution
		Debug|Any CPU = Debug|Any CPU
		Release|Any CPU = Release|Any CPU
	EndGlobalSection
	GlobalSection(ProjectConfigurationPlatforms) = postSolution
		{F00B149C-5848-4472-BE2E-9F307B4960B6}.Debug|Any CPU.ActiveCfg = Debug|Any CPU
		{F00B149C-5848-4472-BE2E-9F307B4960B6}.Debug|Any CPU.Build.0 = Debug|Any CPU
		{F00B149C-5848-4472-BE2E-9F307B4960B6}.Release|Any CPU.ActiveCfg = Release|Any CPU
		{F00B149C-5848-4472-BE2E-9F307B4960B6}.Release|Any CPU.Build.0 = Release|Any CPU
	EndGlobalSection
	GlobalSection(SolutionProperties) = preSolution
		HideSolutionNode = FALSE
	EndGlobalSection
	GlobalSection(ExtensibilityGlobals) = postSolution
		SolutionGuid = {F046D54F-B473-46DD-B505-4B8FD7E11C21}
	EndGlobalSection
EndGlobal
